
Microsoft Visual Studio Solution File, Format Version 12.00
# Visual Studio 15
VisualStudioVersion = 15.0.26730.8
MinimumVisualStudioVersion = 10.0.40219.1
Project("{E24C65DC-7377-472B-9ABA-BC803B73C61A}") = "forecastforcity", ".", "{030DD419-EC01-4733-9928-4F88DE17CC25}"
	ProjectSection(WebsiteProperties) = preProject
		TargetFrameworkMoniker = ".NETFramework,Version%3Dv4.0"
		Debug.AspNetCompiler.VirtualPath = "/localhost_2340"
		Debug.AspNetCompiler.PhysicalPath = "..\..\..\..\..\TutorialReactJS\forecastforcity\"
		Debug.AspNetCompiler.TargetPath = "PrecompiledWeb\localhost_2340\"
		Debug.AspNetCompiler.Updateable = "true"
		Debug.AspNetCompiler.ForceOverwrite = "true"
		Debug.AspNetCompiler.FixedNames = "false"
		Debug.AspNetCompiler.Debug = "True"
		Release.AspNetCompiler.VirtualPath = "/localhost_2340"
		Release.AspNetCompiler.PhysicalPath = "..\..\..\..\..\TutorialReactJS\forecastforcity\"
		Release.AspNetCompiler.TargetPath = "PrecompiledWeb\localhost_2340\"
		Release.AspNetCompiler.Updateable = "true"
		Release.AspNetCompiler.ForceOverwrite = "true"
		Release.AspNetCompiler.FixedNames = "false"
		Release.AspNetCompiler.Debug = "False"
		VWDPort = "2340"
	EndProjectSection
EndProject
Global
	GlobalSection(SolutionConfigurationPlatforms) = preSolution
		Debug|Any CPU = Debug|Any CPU
	EndGlobalSection
	GlobalSection(ProjectConfigurationPlatforms) = postSolution
		{030DD419-EC01-4733-9928-4F88DE17CC25}.Debug|Any CPU.ActiveCfg = Debug|Any CPU
		{030DD419-EC01-4733-9928-4F88DE17CC25}.Debug|Any CPU.Build.0 = Debug|Any CPU
	EndGlobalSection
	GlobalSection(SolutionProperties) = preSolution
		HideSolutionNode = FALSE
	EndGlobalSection
	GlobalSection(ExtensibilityGlobals) = postSolution
		SolutionGuid = {D7300AB0-BB11-4058-A708-D1D1BA2D6DC2}
	EndGlobalSection
EndGlobal
