
Microsoft Visual Studio Solution File, Format Version 12.00
# Visual Studio 15
VisualStudioVersion = 15.0.26730.8
MinimumVisualStudioVersion = 10.0.40219.1
Project("{E24C65DC-7377-472B-9ABA-BC803B73C61A}") = "reactproject(2)", ".", "{63A66CA9-F2A9-42E7-A04A-15C31B79018A}"
	ProjectSection(WebsiteProperties) = preProject
		TargetFrameworkMoniker = ".NETFramework,Version%3Dv4.0"
		Debug.AspNetCompiler.VirtualPath = "/localhost_1662"
		Debug.AspNetCompiler.PhysicalPath = "..\..\..\..\..\TutorialReactJS\reactproject\"
		Debug.AspNetCompiler.TargetPath = "PrecompiledWeb\localhost_1662\"
		Debug.AspNetCompiler.Updateable = "true"
		Debug.AspNetCompiler.ForceOverwrite = "true"
		Debug.AspNetCompiler.FixedNames = "false"
		Debug.AspNetCompiler.Debug = "True"
		Release.AspNetCompiler.VirtualPath = "/localhost_1662"
		Release.AspNetCompiler.PhysicalPath = "..\..\..\..\..\TutorialReactJS\reactproject\"
		Release.AspNetCompiler.TargetPath = "PrecompiledWeb\localhost_1662\"
		Release.AspNetCompiler.Updateable = "true"
		Release.AspNetCompiler.ForceOverwrite = "true"
		Release.AspNetCompiler.FixedNames = "false"
		Release.AspNetCompiler.Debug = "False"
		VWDPort = "1662"
	EndProjectSection
EndProject
Global
	GlobalSection(SolutionConfigurationPlatforms) = preSolution
		Debug|Any CPU = Debug|Any CPU
	EndGlobalSection
	GlobalSection(ProjectConfigurationPlatforms) = postSolution
		{63A66CA9-F2A9-42E7-A04A-15C31B79018A}.Debug|Any CPU.ActiveCfg = Debug|Any CPU
		{63A66CA9-F2A9-42E7-A04A-15C31B79018A}.Debug|Any CPU.Build.0 = Debug|Any CPU
	EndGlobalSection
	GlobalSection(SolutionProperties) = preSolution
		HideSolutionNode = FALSE
	EndGlobalSection
	GlobalSection(ExtensibilityGlobals) = postSolution
		SolutionGuid = {19452AD1-4487-401D-B821-81743531B563}
	EndGlobalSection
EndGlobal
